
Microsoft Visual Studio Solution File, Format Version 12.00
# Visual Studio Version 16
VisualStudioVersion = 16.0.31613.86
MinimumVisualStudioVersion = 10.0.40219.1
Project("{FAE04EC0-301F-11D3-BF4B-00C04F79EFBC}") = "SuesVolumeUpper", "SuesVolumeUpper\SuesVolumeUpper.csproj", "{207950AC-79EB-46B6-8174-E7C8E1877E4C}"
EndProject
Global
	GlobalSection(SolutionConfigurationPlatforms) = preSolution
		Debug|Any CPU = Debug|Any CPU
		Release|Any CPU = Release|Any CPU
	EndGlobalSection
	GlobalSection(ProjectConfigurationPlatforms) = postSolution
		{207950AC-79EB-46B6-8174-E7C8E1877E4C}.Debug|Any CPU.ActiveCfg = Debug|Any CPU
		{207950AC-79EB-46B6-8174-E7C8E1877E4C}.Debug|Any CPU.Build.0 = Debug|Any CPU
		{207950AC-79EB-46B6-8174-E7C8E1877E4C}.Release|Any CPU.ActiveCfg = Release|Any CPU
		{207950AC-79EB-46B6-8174-E7C8E1877E4C}.Release|Any CPU.Build.0 = Release|Any CPU
	EndGlobalSection
	GlobalSection(SolutionProperties) = preSolution
		HideSolutionNode = FALSE
	EndGlobalSection
	GlobalSection(ExtensibilityGlobals) = postSolution
		SolutionGuid = {21A3B2B4-0EC5-4E6C-9AEB-864CBE281C17}
	EndGlobalSection
EndGlobal
